
Microsoft Visual Studio Solution File, Format Version 12.00
Project("{FAE04EC0-301F-11D3-BF4B-00C04F79EFBC}") = "CruderSimple.Core", "CruderSimple.Core\CruderSimple.Core.csproj", "{8D896232-729C-43AF-B20C-F770C8446675}"
EndProject
Project("{FAE04EC0-301F-11D3-BF4B-00C04F79EFBC}") = "CruderSimple.DynamoDb", "CruderSimple.DynamoDb\CruderSimple.DynamoDb.csproj", "{EFF791FA-2109-487E-BE3D-A57B66746250}"
EndProject
Project("{FAE04EC0-301F-11D3-BF4B-00C04F79EFBC}") = "CruderSimple.MySql", "CruderSimple.MySql\CruderSimple.MySql.csproj", "{923AD6EF-5D3D-4F6F-94CF-B31A4BE826E0}"
EndProject
Global
	GlobalSection(SolutionConfigurationPlatforms) = preSolution
		Debug|Any CPU = Debug|Any CPU
		Release|Any CPU = Release|Any CPU
	EndGlobalSection
	GlobalSection(ProjectConfigurationPlatforms) = postSolution
		{8D896232-729C-43AF-B20C-F770C8446675}.Debug|Any CPU.ActiveCfg = Debug|Any CPU
		{8D896232-729C-43AF-B20C-F770C8446675}.Debug|Any CPU.Build.0 = Debug|Any CPU
		{8D896232-729C-43AF-B20C-F770C8446675}.Release|Any CPU.ActiveCfg = Release|Any CPU
		{8D896232-729C-43AF-B20C-F770C8446675}.Release|Any CPU.Build.0 = Release|Any CPU
		{EFF791FA-2109-487E-BE3D-A57B66746250}.Debug|Any CPU.ActiveCfg = Debug|Any CPU
		{EFF791FA-2109-487E-BE3D-A57B66746250}.Debug|Any CPU.Build.0 = Debug|Any CPU
		{EFF791FA-2109-487E-BE3D-A57B66746250}.Release|Any CPU.ActiveCfg = Release|Any CPU
		{EFF791FA-2109-487E-BE3D-A57B66746250}.Release|Any CPU.Build.0 = Release|Any CPU
		{923AD6EF-5D3D-4F6F-94CF-B31A4BE826E0}.Debug|Any CPU.ActiveCfg = Debug|Any CPU
		{923AD6EF-5D3D-4F6F-94CF-B31A4BE826E0}.Debug|Any CPU.Build.0 = Debug|Any CPU
		{923AD6EF-5D3D-4F6F-94CF-B31A4BE826E0}.Release|Any CPU.ActiveCfg = Release|Any CPU
		{923AD6EF-5D3D-4F6F-94CF-B31A4BE826E0}.Release|Any CPU.Build.0 = Release|Any CPU
	EndGlobalSection
EndGlobal
